
Microsoft Visual Studio Solution File, Format Version 12.00
# Visual Studio Version 17
VisualStudioVersion = 17.1.32210.238
MinimumVisualStudioVersion = 10.0.40219.1
Project("{FAE04EC0-301F-11D3-BF4B-00C04F79EFBC}") = "Aruba_802.1x_config", "Aruba_802.1x_config.csproj", "{F922612D-BD4C-480E-9BDD-C9D046FEF564}"
EndProject
Global
	GlobalSection(SolutionConfigurationPlatforms) = preSolution
		Debug|Any CPU = Debug|Any CPU
		Release|Any CPU = Release|Any CPU
	EndGlobalSection
	GlobalSection(ProjectConfigurationPlatforms) = postSolution
		{F922612D-BD4C-480E-9BDD-C9D046FEF564}.Debug|Any CPU.ActiveCfg = Debug|Any CPU
		{F922612D-BD4C-480E-9BDD-C9D046FEF564}.Debug|Any CPU.Build.0 = Debug|Any CPU
		{F922612D-BD4C-480E-9BDD-C9D046FEF564}.Release|Any CPU.ActiveCfg = Release|Any CPU
		{F922612D-BD4C-480E-9BDD-C9D046FEF564}.Release|Any CPU.Build.0 = Release|Any CPU
	EndGlobalSection
	GlobalSection(SolutionProperties) = preSolution
		HideSolutionNode = FALSE
	EndGlobalSection
	GlobalSection(ExtensibilityGlobals) = postSolution
		SolutionGuid = {85093A38-803A-46E6-BE10-535A83CD7132}
	EndGlobalSection
EndGlobal
